// !$*UTF8*$!
{
	archiveVersion = 1;
	classes = {
	};
	objectVersion = 56;
	objects = {

/* Begin PBXBuildFile section */
		4A3BA9592B93427900A9A5A6 /* MainBoardView.swift in Sources */ = {isa = PBXBuildFile; fileRef = 4A3BA9582B93427900A9A5A6 /* MainBoardView.swift */; };
		4A3BA95B2B934BCB00A9A5A6 /* ButtonType.swift in Sources */ = {isa = PBXBuildFile; fileRef = 4A3BA95A2B934BCB00A9A5A6 /* ButtonType.swift */; };
		4A3BA95F2B935D4F00A9A5A6 /* SudokuListView.swift in Sources */ = {isa = PBXBuildFile; fileRef = 4A3BA95E2B935D4E00A9A5A6 /* SudokuListView.swift */; };
		4A3BA9612B94269C00A9A5A6 /* ScanSudokuView.swift in Sources */ = {isa = PBXBuildFile; fileRef = 4A3BA9602B94269C00A9A5A6 /* ScanSudokuView.swift */; };
		4A7227762B92E238009E8C28 /* SudokuSolverApp.swift in Sources */ = {isa = PBXBuildFile; fileRef = 4A7227752B92E238009E8C28 /* SudokuSolverApp.swift */; };
		4A72277A2B92E23B009E8C28 /* Assets.xcassets in Resources */ = {isa = PBXBuildFile; fileRef = 4A7227792B92E23B009E8C28 /* Assets.xcassets */; };
		4A72277D2B92E23B009E8C28 /* Preview Assets.xcassets in Resources */ = {isa = PBXBuildFile; fileRef = 4A72277C2B92E23B009E8C28 /* Preview Assets.xcassets */; };
		4A72277F2B92E23B009E8C28 /* Persistence.swift in Sources */ = {isa = PBXBuildFile; fileRef = 4A72277E2B92E23B009E8C28 /* Persistence.swift */; };
		4A7227822B92E23B009E8C28 /* SudokuSolver.xcdatamodeld in Sources */ = {isa = PBXBuildFile; fileRef = 4A7227802B92E23B009E8C28 /* SudokuSolver.xcdatamodeld */; };
		4A9C37492B9C486B00EC5439 /* ScanSudokuViewModel.swift in Sources */ = {isa = PBXBuildFile; fileRef = 4A9C37482B9C486B00EC5439 /* ScanSudokuViewModel.swift */; };
		4A9C374B2B9CA08400EC5439 /* SudokuBoardView.swift in Sources */ = {isa = PBXBuildFile; fileRef = 4A9C374A2B9CA08400EC5439 /* SudokuBoardView.swift */; };
		4A9C374F2B9CB2E800EC5439 /* ImagePickerView.swift in Sources */ = {isa = PBXBuildFile; fileRef = 4A9C374E2B9CB2E800EC5439 /* ImagePickerView.swift */; };
		4AB912672B975DE90093D7B2 /* SudokuSolver.swift in Sources */ = {isa = PBXBuildFile; fileRef = 4AB912662B975DE90093D7B2 /* SudokuSolver.swift */; };
		4AF7B91E2B9490FF007619EA /* MainBoardViewModel.swift in Sources */ = {isa = PBXBuildFile; fileRef = 4AF7B91D2B9490FF007619EA /* MainBoardViewModel.swift */; };
/* End PBXBuildFile section */

/* Begin PBXFileReference section */
		4A3BA9582B93427900A9A5A6 /* MainBoardView.swift */ = {isa = PBXFileReference; lastKnownFileType = sourcecode.swift; path = MainBoardView.swift; sourceTree = "<group>"; };
		4A3BA95A2B934BCB00A9A5A6 /* ButtonType.swift */ = {isa = PBXFileReference; lastKnownFileType = sourcecode.swift; path = ButtonType.swift; sourceTree = "<group>"; };
		4A3BA95E2B935D4E00A9A5A6 /* SudokuListView.swift */ = {isa = PBXFileReference; lastKnownFileType = sourcecode.swift; path = SudokuListView.swift; sourceTree = "<group>"; };
		4A3BA9602B94269C00A9A5A6 /* ScanSudokuView.swift */ = {isa = PBXFileReference; lastKnownFileType = sourcecode.swift; path = ScanSudokuView.swift; sourceTree = "<group>"; };
		4A7227722B92E238009E8C28 /* SudokuSolver.app */ = {isa = PBXFileReference; explicitFileType = wrapper.application; includeInIndex = 0; path = SudokuSolver.app; sourceTree = BUILT_PRODUCTS_DIR; };
		4A7227752B92E238009E8C28 /* SudokuSolverApp.swift */ = {isa = PBXFileReference; lastKnownFileType = sourcecode.swift; path = SudokuSolverApp.swift; sourceTree = "<group>"; };
		4A7227792B92E23B009E8C28 /* Assets.xcassets */ = {isa = PBXFileReference; lastKnownFileType = folder.assetcatalog; path = Assets.xcassets; sourceTree = "<group>"; };
		4A72277C2B92E23B009E8C28 /* Preview Assets.xcassets */ = {isa = PBXFileReference; lastKnownFileType = folder.assetcatalog; path = "Preview Assets.xcassets"; sourceTree = "<group>"; };
		4A72277E2B92E23B009E8C28 /* Persistence.swift */ = {isa = PBXFileReference; lastKnownFileType = sourcecode.swift; path = Persistence.swift; sourceTree = "<group>"; };
		4A7227812B92E23B009E8C28 /* SudokuSolver.xcdatamodel */ = {isa = PBXFileReference; lastKnownFileType = wrapper.xcdatamodel; path = SudokuSolver.xcdatamodel; sourceTree = "<group>"; };
		4A9C37482B9C486B00EC5439 /* ScanSudokuViewModel.swift */ = {isa = PBXFileReference; lastKnownFileType = sourcecode.swift; path = ScanSudokuViewModel.swift; sourceTree = "<group>"; };
		4A9C374A2B9CA08400EC5439 /* SudokuBoardView.swift */ = {isa = PBXFileReference; lastKnownFileType = sourcecode.swift; path = SudokuBoardView.swift; sourceTree = "<group>"; };
		4A9C374E2B9CB2E800EC5439 /* ImagePickerView.swift */ = {isa = PBXFileReference; lastKnownFileType = sourcecode.swift; path = ImagePickerView.swift; sourceTree = "<group>"; };
		4AB912662B975DE90093D7B2 /* SudokuSolver.swift */ = {isa = PBXFileReference; lastKnownFileType = sourcecode.swift; path = SudokuSolver.swift; sourceTree = "<group>"; };
		4AF7B91D2B9490FF007619EA /* MainBoardViewModel.swift */ = {isa = PBXFileReference; lastKnownFileType = sourcecode.swift; path = MainBoardViewModel.swift; sourceTree = "<group>"; };
/* End PBXFileReference section */

/* Begin PBXFrameworksBuildPhase section */
		4A72276F2B92E238009E8C28 /* Frameworks */ = {
			isa = PBXFrameworksBuildPhase;
			buildActionMask = 2147483647;
			files = (
			);
			runOnlyForDeploymentPostprocessing = 0;
		};
/* End PBXFrameworksBuildPhase section */

/* Begin PBXGroup section */
		4A3BA95C2B935CC700A9A5A6 /* Model */ = {
			isa = PBXGroup;
			children = (
				4A3BA95A2B934BCB00A9A5A6 /* ButtonType.swift */,
				4AB912662B975DE90093D7B2 /* SudokuSolver.swift */,
			);
			path = Model;
			sourceTree = "<group>";
		};
		4A3BA95D2B935CEF00A9A5A6 /* View */ = {
			isa = PBXGroup;
			children = (
				4A3BA9582B93427900A9A5A6 /* MainBoardView.swift */,
				4A3BA95E2B935D4E00A9A5A6 /* SudokuListView.swift */,
				4A3BA9602B94269C00A9A5A6 /* ScanSudokuView.swift */,
				4A9C374E2B9CB2E800EC5439 /* ImagePickerView.swift */,
				4A9C374A2B9CA08400EC5439 /* SudokuBoardView.swift */,
			);
			path = View;
			sourceTree = "<group>";
		};
		4A7227692B92E238009E8C28 = {
			isa = PBXGroup;
			children = (
				4A7227742B92E238009E8C28 /* SudokuSolver */,
				4A7227732B92E238009E8C28 /* Products */,
			);
			sourceTree = "<group>";
		};
		4A7227732B92E238009E8C28 /* Products */ = {
			isa = PBXGroup;
			children = (
				4A7227722B92E238009E8C28 /* SudokuSolver.app */,
			);
			name = Products;
			sourceTree = "<group>";
		};
		4A7227742B92E238009E8C28 /* SudokuSolver */ = {
			isa = PBXGroup;
			children = (
				4A7227752B92E238009E8C28 /* SudokuSolverApp.swift */,
				4A3BA95C2B935CC700A9A5A6 /* Model */,
				4A3BA95D2B935CEF00A9A5A6 /* View */,
				4AF7B91C2B9490D0007619EA /* ViewModel */,
				4A7227792B92E23B009E8C28 /* Assets.xcassets */,
				4A72277E2B92E23B009E8C28 /* Persistence.swift */,
				4A7227802B92E23B009E8C28 /* SudokuSolver.xcdatamodeld */,
				4A72277B2B92E23B009E8C28 /* Preview Content */,
			);
			path = SudokuSolver;
			sourceTree = "<group>";
		};
		4A72277B2B92E23B009E8C28 /* Preview Content */ = {
			isa = PBXGroup;
			children = (
				4A72277C2B92E23B009E8C28 /* Preview Assets.xcassets */,
			);
			path = "Preview Content";
			sourceTree = "<group>";
		};
		4AF7B91C2B9490D0007619EA /* ViewModel */ = {
			isa = PBXGroup;
			children = (
				4AF7B91D2B9490FF007619EA /* MainBoardViewModel.swift */,
				4A9C37482B9C486B00EC5439 /* ScanSudokuViewModel.swift */,
			);
			path = ViewModel;
			sourceTree = "<group>";
		};
/* End PBXGroup section */

/* Begin PBXNativeTarget section */
		4A7227712B92E238009E8C28 /* SudokuSolver */ = {
			isa = PBXNativeTarget;
			buildConfigurationList = 4A7227852B92E23B009E8C28 /* Build configuration list for PBXNativeTarget "SudokuSolver" */;
			buildPhases = (
				4A72276E2B92E238009E8C28 /* Sources */,
				4A72276F2B92E238009E8C28 /* Frameworks */,
				4A7227702B92E238009E8C28 /* Resources */,
				4A3BA9572B933AD200A9A5A6 /* ShellScript */,
			);
			buildRules = (
			);
			dependencies = (
			);
			name = SudokuSolver;
			productName = SudokuSolver;
			productReference = 4A7227722B92E238009E8C28 /* SudokuSolver.app */;
			productType = "com.apple.product-type.application";
		};
/* End PBXNativeTarget section */

/* Begin PBXProject section */
		4A72276A2B92E238009E8C28 /* Project object */ = {
			isa = PBXProject;
			attributes = {
				BuildIndependentTargetsInParallel = 1;
				LastSwiftUpdateCheck = 1520;
				LastUpgradeCheck = 1520;
				TargetAttributes = {
					4A7227712B92E238009E8C28 = {
						CreatedOnToolsVersion = 15.2;
					};
				};
			};
			buildConfigurationList = 4A72276D2B92E238009E8C28 /* Build configuration list for PBXProject "SudokuSolver" */;
			compatibilityVersion = "Xcode 14.0";
			developmentRegion = en;
			hasScannedForEncodings = 0;
			knownRegions = (
				en,
				Base,
			);
			mainGroup = 4A7227692B92E238009E8C28;
			productRefGroup = 4A7227732B92E238009E8C28 /* Products */;
			projectDirPath = "";
			projectRoot = "";
			targets = (
				4A7227712B92E238009E8C28 /* SudokuSolver */,
			);
		};
/* End PBXProject section */

/* Begin PBXResourcesBuildPhase section */
		4A7227702B92E238009E8C28 /* Resources */ = {
			isa = PBXResourcesBuildPhase;
			buildActionMask = 2147483647;
			files = (
				4A72277D2B92E23B009E8C28 /* Preview Assets.xcassets in Resources */,
				4A72277A2B92E23B009E8C28 /* Assets.xcassets in Resources */,
			);
			runOnlyForDeploymentPostprocessing = 0;
		};
/* End PBXResourcesBuildPhase section */

/* Begin PBXShellScriptBuildPhase section */
		4A3BA9572B933AD200A9A5A6 /* ShellScript */ = {
			isa = PBXShellScriptBuildPhase;
			alwaysOutOfDate = 1;
			buildActionMask = 8;
			files = (
			);
			inputFileListPaths = (
			);
			inputPaths = (
			);
			outputFileListPaths = (
			);
			outputPaths = (
			);
			runOnlyForDeploymentPostprocessing = 1;
			shellPath = /bin/sh;
			shellScript = "export PATH=\"$PATH:/opt/homebrew/bin\"\n\nif which swiftlint; then\n    swiftlint --fix --format\nelse\n  echo \"warning: SwiftLint not installed, download from https://github.com/realm/SwiftLint\"\nfi\n";
		};
/* End PBXShellScriptBuildPhase section */

/* Begin PBXSourcesBuildPhase section */
		4A72276E2B92E238009E8C28 /* Sources */ = {
			isa = PBXSourcesBuildPhase;
			buildActionMask = 2147483647;
			files = (
				4A3BA95B2B934BCB00A9A5A6 /* ButtonType.swift in Sources */,
				4A3BA95F2B935D4F00A9A5A6 /* SudokuListView.swift in Sources */,
				4A9C37492B9C486B00EC5439 /* ScanSudokuViewModel.swift in Sources */,
				4A9C374B2B9CA08400EC5439 /* SudokuBoardView.swift in Sources */,
				4A9C374F2B9CB2E800EC5439 /* ImagePickerView.swift in Sources */,
				4AB912672B975DE90093D7B2 /* SudokuSolver.swift in Sources */,
				4A72277F2B92E23B009E8C28 /* Persistence.swift in Sources */,
				4A3BA9592B93427900A9A5A6 /* MainBoardView.swift in Sources */,
				4AF7B91E2B9490FF007619EA /* MainBoardViewModel.swift in Sources */,
				4A7227762B92E238009E8C28 /* SudokuSolverApp.swift in Sources */,
				4A7227822B92E23B009E8C28 /* SudokuSolver.xcdatamodeld in Sources */,
				4A3BA9612B94269C00A9A5A6 /* ScanSudokuView.swift in Sources */,
			);
			runOnlyForDeploymentPostprocessing = 0;
		};
/* End PBXSourcesBuildPhase section */

/* Begin XCBuildConfiguration section */
		4A7227832B92E23B009E8C28 /* Debug */ = {
			isa = XCBuildConfiguration;
			buildSettings = {
				ALWAYS_SEARCH_USER_PATHS = NO;
				ASSETCATALOG_COMPILER_GENERATE_SWIFT_ASSET_SYMBOL_EXTENSIONS = YES;
				CLANG_ANALYZER_NONNULL = YES;
				CLANG_ANALYZER_NUMBER_OBJECT_CONVERSION = YES_AGGRESSIVE;
				CLANG_CXX_LANGUAGE_STANDARD = "gnu++20";
				CLANG_ENABLE_MODULES = YES;
				CLANG_ENABLE_OBJC_ARC = YES;
				CLANG_ENABLE_OBJC_WEAK = YES;
				CLANG_WARN_BLOCK_CAPTURE_AUTORELEASING = YES;
				CLANG_WARN_BOOL_CONVERSION = YES;
				CLANG_WARN_COMMA = YES;
				CLANG_WARN_CONSTANT_CONVERSION = YES;
				CLANG_WARN_DEPRECATED_OBJC_IMPLEMENTATIONS = YES;
				CLANG_WARN_DIRECT_OBJC_ISA_USAGE = YES_ERROR;
				CLANG_WARN_DOCUMENTATION_COMMENTS = YES;
				CLANG_WARN_EMPTY_BODY = YES;
				CLANG_WARN_ENUM_CONVERSION = YES;
				CLANG_WARN_INFINITE_RECURSION = YES;
				CLANG_WARN_INT_CONVERSION = YES;
				CLANG_WARN_NON_LITERAL_NULL_CONVERSION = YES;
				CLANG_WARN_OBJC_IMPLICIT_RETAIN_SELF = YES;
				CLANG_WARN_OBJC_LITERAL_CONVERSION = YES;
				CLANG_WARN_OBJC_ROOT_CLASS = YES_ERROR;
				CLANG_WARN_QUOTED_INCLUDE_IN_FRAMEWORK_HEADER = YES;
				CLANG_WARN_RANGE_LOOP_ANALYSIS = YES;
				CLANG_WARN_STRICT_PROTOTYPES = YES;
				CLANG_WARN_SUSPICIOUS_MOVE = YES;
				CLANG_WARN_UNGUARDED_AVAILABILITY = YES_AGGRESSIVE;
				CLANG_WARN_UNREACHABLE_CODE = YES;
				CLANG_WARN__DUPLICATE_METHOD_MATCH = YES;
				COPY_PHASE_STRIP = NO;
				DEBUG_INFORMATION_FORMAT = dwarf;
				ENABLE_STRICT_OBJC_MSGSEND = YES;
				ENABLE_TESTABILITY = YES;
				ENABLE_USER_SCRIPT_SANDBOXING = YES;
				GCC_C_LANGUAGE_STANDARD = gnu17;
				GCC_DYNAMIC_NO_PIC = NO;
				GCC_NO_COMMON_BLOCKS = YES;
				GCC_OPTIMIZATION_LEVEL = 0;
				GCC_PREPROCESSOR_DEFINITIONS = (
					"DEBUG=1",
					"$(inherited)",
				);
				GCC_WARN_64_TO_32_BIT_CONVERSION = YES;
				GCC_WARN_ABOUT_RETURN_TYPE = YES_ERROR;
				GCC_WARN_UNDECLARED_SELECTOR = YES;
				GCC_WARN_UNINITIALIZED_AUTOS = YES_AGGRESSIVE;
				GCC_WARN_UNUSED_FUNCTION = YES;
				GCC_WARN_UNUSED_VARIABLE = YES;
				IPHONEOS_DEPLOYMENT_TARGET = 17.2;
				LOCALIZATION_PREFERS_STRING_CATALOGS = YES;
				MTL_ENABLE_DEBUG_INFO = INCLUDE_SOURCE;
				MTL_FAST_MATH = YES;
				ONLY_ACTIVE_ARCH = YES;
				SDKROOT = iphoneos;
				SWIFT_ACTIVE_COMPILATION_CONDITIONS = "DEBUG $(inherited)";
				SWIFT_OPTIMIZATION_LEVEL = "-Onone";
			};
			name = Debug;
		};
		4A7227842B92E23B009E8C28 /* Release */ = {
			isa = XCBuildConfiguration;
			buildSettings = {
				ALWAYS_SEARCH_USER_PATHS = NO;
				ASSETCATALOG_COMPILER_GENERATE_SWIFT_ASSET_SYMBOL_EXTENSIONS = YES;
				CLANG_ANALYZER_NONNULL = YES;
				CLANG_ANALYZER_NUMBER_OBJECT_CONVERSION = YES_AGGRESSIVE;
				CLANG_CXX_LANGUAGE_STANDARD = "gnu++20";
				CLANG_ENABLE_MODULES = YES;
				CLANG_ENABLE_OBJC_ARC = YES;
				CLANG_ENABLE_OBJC_WEAK = YES;
				CLANG_WARN_BLOCK_CAPTURE_AUTORELEASING = YES;
				CLANG_WARN_BOOL_CONVERSION = YES;
				CLANG_WARN_COMMA = YES;
				CLANG_WARN_CONSTANT_CONVERSION = YES;
				CLANG_WARN_DEPRECATED_OBJC_IMPLEMENTATIONS = YES;
				CLANG_WARN_DIRECT_OBJC_ISA_USAGE = YES_ERROR;
				CLANG_WARN_DOCUMENTATION_COMMENTS = YES;
				CLANG_WARN_EMPTY_BODY = YES;
				CLANG_WARN_ENUM_CONVERSION = YES;
				CLANG_WARN_INFINITE_RECURSION = YES;
				CLANG_WARN_INT_CONVERSION = YES;
				CLANG_WARN_NON_LITERAL_NULL_CONVERSION = YES;
				CLANG_WARN_OBJC_IMPLICIT_RETAIN_SELF = YES;
				CLANG_WARN_OBJC_LITERAL_CONVERSION = YES;
				CLANG_WARN_OBJC_ROOT_CLASS = YES_ERROR;
				CLANG_WARN_QUOTED_INCLUDE_IN_FRAMEWORK_HEADER = YES;
				CLANG_WARN_RANGE_LOOP_ANALYSIS = YES;
				CLANG_WARN_STRICT_PROTOTYPES = YES;
				CLANG_WARN_SUSPICIOUS_MOVE = YES;
				CLANG_WARN_UNGUARDED_AVAILABILITY = YES_AGGRESSIVE;
				CLANG_WARN_UNREACHABLE_CODE = YES;
				CLANG_WARN__DUPLICATE_METHOD_MATCH = YES;
				COPY_PHASE_STRIP = NO;
				DEBUG_INFORMATION_FORMAT = "dwarf-with-dsym";
				ENABLE_NS_ASSERTIONS = NO;
				ENABLE_STRICT_OBJC_MSGSEND = YES;
				ENABLE_USER_SCRIPT_SANDBOXING = YES;
				GCC_C_LANGUAGE_STANDARD = gnu17;
				GCC_NO_COMMON_BLOCKS = YES;
				GCC_WARN_64_TO_32_BIT_CONVERSION = YES;
				GCC_WARN_ABOUT_RETURN_TYPE = YES_ERROR;
				GCC_WARN_UNDECLARED_SELECTOR = YES;
				GCC_WARN_UNINITIALIZED_AUTOS = YES_AGGRESSIVE;
				GCC_WARN_UNUSED_FUNCTION = YES;
				GCC_WARN_UNUSED_VARIABLE = YES;
				IPHONEOS_DEPLOYMENT_TARGET = 17.2;
				LOCALIZATION_PREFERS_STRING_CATALOGS = YES;
				MTL_ENABLE_DEBUG_INFO = NO;
				MTL_FAST_MATH = YES;
				SDKROOT = iphoneos;
				SWIFT_COMPILATION_MODE = wholemodule;
				VALIDATE_PRODUCT = YES;
			};
			name = Release;
		};
		4A7227862B92E23B009E8C28 /* Debug */ = {
			isa = XCBuildConfiguration;
			buildSettings = {
				ASSETCATALOG_COMPILER_APPICON_NAME = AppIcon;
				ASSETCATALOG_COMPILER_GLOBAL_ACCENT_COLOR_NAME = AccentColor;
				CODE_SIGN_STYLE = Automatic;
				CURRENT_PROJECT_VERSION = 1;
				DEVELOPMENT_ASSET_PATHS = "\"SudokuSolver/Preview Content\"";
				DEVELOPMENT_TEAM = A7NHC7F23R;
				ENABLE_PREVIEWS = YES;
				ENABLE_USER_SCRIPT_SANDBOXING = NO;
				GENERATE_INFOPLIST_FILE = YES;
				INFOPLIST_KEY_NSCameraUsageDescription = "写真を撮影するためにカメラを利用します。";
				INFOPLIST_KEY_UIApplicationSceneManifest_Generation = YES;
				INFOPLIST_KEY_UIApplicationSupportsIndirectInputEvents = YES;
				INFOPLIST_KEY_UILaunchScreen_Generation = YES;
				INFOPLIST_KEY_UISupportedInterfaceOrientations_iPad = "UIInterfaceOrientationPortrait UIInterfaceOrientationPortraitUpsideDown UIInterfaceOrientationLandscapeLeft UIInterfaceOrientationLandscapeRight";
				INFOPLIST_KEY_UISupportedInterfaceOrientations_iPhone = "UIInterfaceOrientationPortrait UIInterfaceOrientationLandscapeLeft UIInterfaceOrientationLandscapeRight";
				LD_RUNPATH_SEARCH_PATHS = (
					"$(inherited)",
					"@executable_path/Frameworks",
				);
				MARKETING_VERSION = 1.0;
				PRODUCT_BUNDLE_IDENTIFIER = com.gmail.tsbs11152.SudokuSolver;
				PRODUCT_NAME = "$(TARGET_NAME)";
				SWIFT_EMIT_LOC_STRINGS = YES;
				SWIFT_VERSION = 5.0;
				TARGETED_DEVICE_FAMILY = "1,2";
			};
			name = Debug;
		};
		4A7227872B92E23B009E8C28 /* Release */ = {
			isa = XCBuildConfiguration;
			buildSettings = {
				ASSETCATALOG_COMPILER_APPICON_NAME = AppIcon;
				ASSETCATALOG_COMPILER_GLOBAL_ACCENT_COLOR_NAME = AccentColor;
				CODE_SIGN_STYLE = Automatic;
				CURRENT_PROJECT_VERSION = 1;
				DEVELOPMENT_ASSET_PATHS = "\"SudokuSolver/Preview Content\"";
				DEVELOPMENT_TEAM = A7NHC7F23R;
				ENABLE_PREVIEWS = YES;
				ENABLE_USER_SCRIPT_SANDBOXING = NO;
				GENERATE_INFOPLIST_FILE = YES;
				INFOPLIST_KEY_NSCameraUsageDescription = "写真を撮影するためにカメラを利用します。";
				INFOPLIST_KEY_UIApplicationSceneManifest_Generation = YES;
				INFOPLIST_KEY_UIApplicationSupportsIndirectInputEvents = YES;
				INFOPLIST_KEY_UILaunchScreen_Generation = YES;
				INFOPLIST_KEY_UISupportedInterfaceOrientations_iPad = "UIInterfaceOrientationPortrait UIInterfaceOrientationPortraitUpsideDown UIInterfaceOrientationLandscapeLeft UIInterfaceOrientationLandscapeRight";
				INFOPLIST_KEY_UISupportedInterfaceOrientations_iPhone = "UIInterfaceOrientationPortrait UIInterfaceOrientationLandscapeLeft UIInterfaceOrientationLandscapeRight";
				LD_RUNPATH_SEARCH_PATHS = (
					"$(inherited)",
					"@executable_path/Frameworks",
				);
				MARKETING_VERSION = 1.0;
				PRODUCT_BUNDLE_IDENTIFIER = com.gmail.tsbs11152.SudokuSolver;
				PRODUCT_NAME = "$(TARGET_NAME)";
				SWIFT_EMIT_LOC_STRINGS = YES;
				SWIFT_VERSION = 5.0;
				TARGETED_DEVICE_FAMILY = "1,2";
			};
			name = Release;
		};
/* End XCBuildConfiguration section */

/* Begin XCConfigurationList section */
		4A72276D2B92E238009E8C28 /* Build configuration list for PBXProject "SudokuSolver" */ = {
			isa = XCConfigurationList;
			buildConfigurations = (
				4A7227832B92E23B009E8C28 /* Debug */,
				4A7227842B92E23B009E8C28 /* Release */,
			);
			defaultConfigurationIsVisible = 0;
			defaultConfigurationName = Release;
		};
		4A7227852B92E23B009E8C28 /* Build configuration list for PBXNativeTarget "SudokuSolver" */ = {
			isa = XCConfigurationList;
			buildConfigurations = (
				4A7227862B92E23B009E8C28 /* Debug */,
				4A7227872B92E23B009E8C28 /* Release */,
			);
			defaultConfigurationIsVisible = 0;
			defaultConfigurationName = Release;
		};
/* End XCConfigurationList section */

/* Begin XCVersionGroup section */
		4A7227802B92E23B009E8C28 /* SudokuSolver.xcdatamodeld */ = {
			isa = XCVersionGroup;
			children = (
				4A7227812B92E23B009E8C28 /* SudokuSolver.xcdatamodel */,
			);
			currentVersion = 4A7227812B92E23B009E8C28 /* SudokuSolver.xcdatamodel */;
			path = SudokuSolver.xcdatamodeld;
			sourceTree = "<group>";
			versionGroupType = wrapper.xcdatamodel;
		};
/* End XCVersionGroup section */
	};
	rootObject = 4A72276A2B92E238009E8C28 /* Project object */;
}
